// !$*UTF8*$!
{
	archiveVersion = 1;
	classes = {
	};
	objectVersion = 56;
	objects = {

/* Begin PBXBuildFile section */
		3D72260E2908D22500BF8FF8 /* AppDelegate.swift in Sources */ = {isa = PBXBuildFile; fileRef = 3D72260D2908D22500BF8FF8 /* AppDelegate.swift */; };
		3D7226102908D22500BF8FF8 /* SceneDelegate.swift in Sources */ = {isa = PBXBuildFile; fileRef = 3D72260F2908D22500BF8FF8 /* SceneDelegate.swift */; };
		3D7226122908D22500BF8FF8 /* ViewController.swift in Sources */ = {isa = PBXBuildFile; fileRef = 3D7226112908D22500BF8FF8 /* ViewController.swift */; };
		3D7226152908D22500BF8FF8 /* Main.storyboard in Resources */ = {isa = PBXBuildFile; fileRef = 3D7226132908D22500BF8FF8 /* Main.storyboard */; };
		3D7226172908D22700BF8FF8 /* Assets.xcassets in Resources */ = {isa = PBXBuildFile; fileRef = 3D7226162908D22700BF8FF8 /* Assets.xcassets */; };
		3D72261A2908D22700BF8FF8 /* LaunchScreen.storyboard in Resources */ = {isa = PBXBuildFile; fileRef = 3D7226182908D22700BF8FF8 /* LaunchScreen.storyboard */; };
		3D7226252908D22700BF8FF8 /* Quizz_APP_Term_Project_1Tests.swift in Sources */ = {isa = PBXBuildFile; fileRef = 3D7226242908D22700BF8FF8 /* Quizz_APP_Term_Project_1Tests.swift */; };
		3D72262F2908D22700BF8FF8 /* Quizz_APP_Term_Project_1UITests.swift in Sources */ = {isa = PBXBuildFile; fileRef = 3D72262E2908D22700BF8FF8 /* Quizz_APP_Term_Project_1UITests.swift */; };
		3D7226312908D22700BF8FF8 /* Quizz_APP_Term_Project_1UITestsLaunchTests.swift in Sources */ = {isa = PBXBuildFile; fileRef = 3D7226302908D22700BF8FF8 /* Quizz_APP_Term_Project_1UITestsLaunchTests.swift */; };
		3D72263E29096EB500BF8FF8 /* Question.swift in Sources */ = {isa = PBXBuildFile; fileRef = 3D72263D29096EB500BF8FF8 /* Question.swift */; };
/* End PBXBuildFile section */

/* Begin PBXContainerItemProxy section */
		3D7226212908D22700BF8FF8 /* PBXContainerItemProxy */ = {
			isa = PBXContainerItemProxy;
			containerPortal = 3D7226022908D22500BF8FF8 /* Project object */;
			proxyType = 1;
			remoteGlobalIDString = 3D7226092908D22500BF8FF8;
			remoteInfo = "Quizz-APP-Term Project-1";
		};
		3D72262B2908D22700BF8FF8 /* PBXContainerItemProxy */ = {
			isa = PBXContainerItemProxy;
			containerPortal = 3D7226022908D22500BF8FF8 /* Project object */;
			proxyType = 1;
			remoteGlobalIDString = 3D7226092908D22500BF8FF8;
			remoteInfo = "Quizz-APP-Term Project-1";
		};
/* End PBXContainerItemProxy section */

/* Begin PBXFileReference section */
		3D72260A2908D22500BF8FF8 /* Quizz-APP-Term Project-1.app */ = {isa = PBXFileReference; explicitFileType = wrapper.application; includeInIndex = 0; path = "Quizz-APP-Term Project-1.app"; sourceTree = BUILT_PRODUCTS_DIR; };
		3D72260D2908D22500BF8FF8 /* AppDelegate.swift */ = {isa = PBXFileReference; lastKnownFileType = sourcecode.swift; path = AppDelegate.swift; sourceTree = "<group>"; };
		3D72260F2908D22500BF8FF8 /* SceneDelegate.swift */ = {isa = PBXFileReference; lastKnownFileType = sourcecode.swift; path = SceneDelegate.swift; sourceTree = "<group>"; };
		3D7226112908D22500BF8FF8 /* ViewController.swift */ = {isa = PBXFileReference; lastKnownFileType = sourcecode.swift; path = ViewController.swift; sourceTree = "<group>"; };
		3D7226142908D22500BF8FF8 /* Base */ = {isa = PBXFileReference; lastKnownFileType = file.storyboard; name = Base; path = Base.lproj/Main.storyboard; sourceTree = "<group>"; };
		3D7226162908D22700BF8FF8 /* Assets.xcassets */ = {isa = PBXFileReference; lastKnownFileType = folder.assetcatalog; path = Assets.xcassets; sourceTree = "<group>"; };
		3D7226192908D22700BF8FF8 /* Base */ = {isa = PBXFileReference; lastKnownFileType = file.storyboard; name = Base; path = Base.lproj/LaunchScreen.storyboard; sourceTree = "<group>"; };
		3D72261B2908D22700BF8FF8 /* Info.plist */ = {isa = PBXFileReference; lastKnownFileType = text.plist.xml; path = Info.plist; sourceTree = "<group>"; };
		3D7226202908D22700BF8FF8 /* Quizz-APP-Term Project-1Tests.xctest */ = {isa = PBXFileReference; explicitFileType = wrapper.cfbundle; includeInIndex = 0; path = "Quizz-APP-Term Project-1Tests.xctest"; sourceTree = BUILT_PRODUCTS_DIR; };
		3D7226242908D22700BF8FF8 /* Quizz_APP_Term_Project_1Tests.swift */ = {isa = PBXFileReference; lastKnownFileType = sourcecode.swift; path = Quizz_APP_Term_Project_1Tests.swift; sourceTree = "<group>"; };
		3D72262A2908D22700BF8FF8 /* Quizz-APP-Term Project-1UITests.xctest */ = {isa = PBXFileReference; explicitFileType = wrapper.cfbundle; includeInIndex = 0; path = "Quizz-APP-Term Project-1UITests.xctest"; sourceTree = BUILT_PRODUCTS_DIR; };
		3D72262E2908D22700BF8FF8 /* Quizz_APP_Term_Project_1UITests.swift */ = {isa = PBXFileReference; lastKnownFileType = sourcecode.swift; path = Quizz_APP_Term_Project_1UITests.swift; sourceTree = "<group>"; };
		3D7226302908D22700BF8FF8 /* Quizz_APP_Term_Project_1UITestsLaunchTests.swift */ = {isa = PBXFileReference; lastKnownFileType = sourcecode.swift; path = Quizz_APP_Term_Project_1UITestsLaunchTests.swift; sourceTree = "<group>"; };
		3D72263D29096EB500BF8FF8 /* Question.swift */ = {isa = PBXFileReference; lastKnownFileType = sourcecode.swift; path = Question.swift; sourceTree = "<group>"; };
/* End PBXFileReference section */

/* Begin PBXFrameworksBuildPhase section */
		3D7226072908D22500BF8FF8 /* Frameworks */ = {
			isa = PBXFrameworksBuildPhase;
			buildActionMask = 2147483647;
			files = (
			);
			runOnlyForDeploymentPostprocessing = 0;
		};
		3D72261D2908D22700BF8FF8 /* Frameworks */ = {
			isa = PBXFrameworksBuildPhase;
			buildActionMask = 2147483647;
			files = (
			);
			runOnlyForDeploymentPostprocessing = 0;
		};
		3D7226272908D22700BF8FF8 /* Frameworks */ = {
			isa = PBXFrameworksBuildPhase;
			buildActionMask = 2147483647;
			files = (
			);
			runOnlyForDeploymentPostprocessing = 0;
		};
/* End PBXFrameworksBuildPhase section */

/* Begin PBXGroup section */
		3D7226012908D22500BF8FF8 = {
			isa = PBXGroup;
			children = (
				3D72260C2908D22500BF8FF8 /* Quizz-APP-Term Project-1 */,
				3D7226232908D22700BF8FF8 /* Quizz-APP-Term Project-1Tests */,
				3D72262D2908D22700BF8FF8 /* Quizz-APP-Term Project-1UITests */,
				3D72260B2908D22500BF8FF8 /* Products */,
			);
			sourceTree = "<group>";
		};
		3D72260B2908D22500BF8FF8 /* Products */ = {
			isa = PBXGroup;
			children = (
				3D72260A2908D22500BF8FF8 /* Quizz-APP-Term Project-1.app */,
				3D7226202908D22700BF8FF8 /* Quizz-APP-Term Project-1Tests.xctest */,
				3D72262A2908D22700BF8FF8 /* Quizz-APP-Term Project-1UITests.xctest */,
			);
			name = Products;
			sourceTree = "<group>";
		};
		3D72260C2908D22500BF8FF8 /* Quizz-APP-Term Project-1 */ = {
			isa = PBXGroup;
			children = (
				3D72260D2908D22500BF8FF8 /* AppDelegate.swift */,
				3D72260F2908D22500BF8FF8 /* SceneDelegate.swift */,
				3D7226112908D22500BF8FF8 /* ViewController.swift */,
				3D7226132908D22500BF8FF8 /* Main.storyboard */,
				3D7226162908D22700BF8FF8 /* Assets.xcassets */,
				3D7226182908D22700BF8FF8 /* LaunchScreen.storyboard */,
				3D72261B2908D22700BF8FF8 /* Info.plist */,
				3D72263D29096EB500BF8FF8 /* Question.swift */,
			);
			path = "Quizz-APP-Term Project-1";
			sourceTree = "<group>";
		};
		3D7226232908D22700BF8FF8 /* Quizz-APP-Term Project-1Tests */ = {
			isa = PBXGroup;
			children = (
				3D7226242908D22700BF8FF8 /* Quizz_APP_Term_Project_1Tests.swift */,
			);
			path = "Quizz-APP-Term Project-1Tests";
			sourceTree = "<group>";
		};
		3D72262D2908D22700BF8FF8 /* Quizz-APP-Term Project-1UITests */ = {
			isa = PBXGroup;
			children = (
				3D72262E2908D22700BF8FF8 /* Quizz_APP_Term_Project_1UITests.swift */,
				3D7226302908D22700BF8FF8 /* Quizz_APP_Term_Project_1UITestsLaunchTests.swift */,
			);
			path = "Quizz-APP-Term Project-1UITests";
			sourceTree = "<group>";
		};
/* End PBXGroup section */

/* Begin PBXNativeTarget section */
		3D7226092908D22500BF8FF8 /* Quizz-APP-Term Project-1 */ = {
			isa = PBXNativeTarget;
			buildConfigurationList = 3D7226342908D22700BF8FF8 /* Build configuration list for PBXNativeTarget "Quizz-APP-Term Project-1" */;
			buildPhases = (
				3D7226062908D22500BF8FF8 /* Sources */,
				3D7226072908D22500BF8FF8 /* Frameworks */,
				3D7226082908D22500BF8FF8 /* Resources */,
			);
			buildRules = (
			);
			dependencies = (
			);
			name = "Quizz-APP-Term Project-1";
			productName = "Quizz-APP-Term Project-1";
			productReference = 3D72260A2908D22500BF8FF8 /* Quizz-APP-Term Project-1.app */;
			productType = "com.apple.product-type.application";
		};
		3D72261F2908D22700BF8FF8 /* Quizz-APP-Term Project-1Tests */ = {
			isa = PBXNativeTarget;
			buildConfigurationList = 3D7226372908D22700BF8FF8 /* Build configuration list for PBXNativeTarget "Quizz-APP-Term Project-1Tests" */;
			buildPhases = (
				3D72261C2908D22700BF8FF8 /* Sources */,
				3D72261D2908D22700BF8FF8 /* Frameworks */,
				3D72261E2908D22700BF8FF8 /* Resources */,
			);
			buildRules = (
			);
			dependencies = (
				3D7226222908D22700BF8FF8 /* PBXTargetDependency */,
			);
			name = "Quizz-APP-Term Project-1Tests";
			productName = "Quizz-APP-Term Project-1Tests";
			productReference = 3D7226202908D22700BF8FF8 /* Quizz-APP-Term Project-1Tests.xctest */;
			productType = "com.apple.product-type.bundle.unit-test";
		};
		3D7226292908D22700BF8FF8 /* Quizz-APP-Term Project-1UITests */ = {
			isa = PBXNativeTarget;
			buildConfigurationList = 3D72263A2908D22700BF8FF8 /* Build configuration list for PBXNativeTarget "Quizz-APP-Term Project-1UITests" */;
			buildPhases = (
				3D7226262908D22700BF8FF8 /* Sources */,
				3D7226272908D22700BF8FF8 /* Frameworks */,
				3D7226282908D22700BF8FF8 /* Resources */,
			);
			buildRules = (
			);
			dependencies = (
				3D72262C2908D22700BF8FF8 /* PBXTargetDependency */,
			);
			name = "Quizz-APP-Term Project-1UITests";
			productName = "Quizz-APP-Term Project-1UITests";
			productReference = 3D72262A2908D22700BF8FF8 /* Quizz-APP-Term Project-1UITests.xctest */;
			productType = "com.apple.product-type.bundle.ui-testing";
		};
/* End PBXNativeTarget section */

/* Begin PBXProject section */
		3D7226022908D22500BF8FF8 /* Project object */ = {
			isa = PBXProject;
			attributes = {
				BuildIndependentTargetsInParallel = 1;
				LastSwiftUpdateCheck = 1400;
				LastUpgradeCheck = 1400;
				TargetAttributes = {
					3D7226092908D22500BF8FF8 = {
						CreatedOnToolsVersion = 14.0;
					};
					3D72261F2908D22700BF8FF8 = {
						CreatedOnToolsVersion = 14.0;
						TestTargetID = 3D7226092908D22500BF8FF8;
					};
					3D7226292908D22700BF8FF8 = {
						CreatedOnToolsVersion = 14.0;
						TestTargetID = 3D7226092908D22500BF8FF8;
					};
				};
			};
			buildConfigurationList = 3D7226052908D22500BF8FF8 /* Build configuration list for PBXProject "Quizz-APP-Term Project-1" */;
			compatibilityVersion = "Xcode 14.0";
			developmentRegion = en;
			hasScannedForEncodings = 0;
			knownRegions = (
				en,
				Base,
			);
			mainGroup = 3D7226012908D22500BF8FF8;
			productRefGroup = 3D72260B2908D22500BF8FF8 /* Products */;
			projectDirPath = "";
			projectRoot = "";
			targets = (
				3D7226092908D22500BF8FF8 /* Quizz-APP-Term Project-1 */,
				3D72261F2908D22700BF8FF8 /* Quizz-APP-Term Project-1Tests */,
				3D7226292908D22700BF8FF8 /* Quizz-APP-Term Project-1UITests */,
			);
		};
/* End PBXProject section */

/* Begin PBXResourcesBuildPhase section */
		3D7226082908D22500BF8FF8 /* Resources */ = {
			isa = PBXResourcesBuildPhase;
			buildActionMask = 2147483647;
			files = (
				3D72261A2908D22700BF8FF8 /* LaunchScreen.storyboard in Resources */,
				3D7226172908D22700BF8FF8 /* Assets.xcassets in Resources */,
				3D7226152908D22500BF8FF8 /* Main.storyboard in Resources */,
			);
			runOnlyForDeploymentPostprocessing = 0;
		};
		3D72261E2908D22700BF8FF8 /* Resources */ = {
			isa = PBXResourcesBuildPhase;
			buildActionMask = 2147483647;
			files = (
			);
			runOnlyForDeploymentPostprocessing = 0;
		};
		3D7226282908D22700BF8FF8 /* Resources */ = {
			isa = PBXResourcesBuildPhase;
			buildActionMask = 2147483647;
			files = (
			);
			runOnlyForDeploymentPostprocessing = 0;
		};
/* End PBXResourcesBuildPhase section */

/* Begin PBXSourcesBuildPhase section */
		3D7226062908D22500BF8FF8 /* Sources */ = {
			isa = PBXSourcesBuildPhase;
			buildActionMask = 2147483647;
			files = (
				3D7226122908D22500BF8FF8 /* ViewController.swift in Sources */,
				3D72263E29096EB500BF8FF8 /* Question.swift in Sources */,
				3D72260E2908D22500BF8FF8 /* AppDelegate.swift in Sources */,
				3D7226102908D22500BF8FF8 /* SceneDelegate.swift in Sources */,
			);
			runOnlyForDeploymentPostprocessing = 0;
		};
		3D72261C2908D22700BF8FF8 /* Sources */ = {
			isa = PBXSourcesBuildPhase;
			buildActionMask = 2147483647;
			files = (
				3D7226252908D22700BF8FF8 /* Quizz_APP_Term_Project_1Tests.swift in Sources */,
			);
			runOnlyForDeploymentPostprocessing = 0;
		};
		3D7226262908D22700BF8FF8 /* Sources */ = {
			isa = PBXSourcesBuildPhase;
			buildActionMask = 2147483647;
			files = (
				3D7226312908D22700BF8FF8 /* Quizz_APP_Term_Project_1UITestsLaunchTests.swift in Sources */,
				3D72262F2908D22700BF8FF8 /* Quizz_APP_Term_Project_1UITests.swift in Sources */,
			);
			runOnlyForDeploymentPostprocessing = 0;
		};
/* End PBXSourcesBuildPhase section */

/* Begin PBXTargetDependency section */
		3D7226222908D22700BF8FF8 /* PBXTargetDependency */ = {
			isa = PBXTargetDependency;
			target = 3D7226092908D22500BF8FF8 /* Quizz-APP-Term Project-1 */;
			targetProxy = 3D7226212908D22700BF8FF8 /* PBXContainerItemProxy */;
		};
		3D72262C2908D22700BF8FF8 /* PBXTargetDependency */ = {
			isa = PBXTargetDependency;
			target = 3D7226092908D22500BF8FF8 /* Quizz-APP-Term Project-1 */;
			targetProxy = 3D72262B2908D22700BF8FF8 /* PBXContainerItemProxy */;
		};
/* End PBXTargetDependency section */

/* Begin PBXVariantGroup section */
		3D7226132908D22500BF8FF8 /* Main.storyboard */ = {
			isa = PBXVariantGroup;
			children = (
				3D7226142908D22500BF8FF8 /* Base */,
			);
			name = Main.storyboard;
			sourceTree = "<group>";
		};
		3D7226182908D22700BF8FF8 /* LaunchScreen.storyboard */ = {
			isa = PBXVariantGroup;
			children = (
				3D7226192908D22700BF8FF8 /* Base */,
			);
			name = LaunchScreen.storyboard;
			sourceTree = "<group>";
		};
/* End PBXVariantGroup section */

/* Begin XCBuildConfiguration section */
		3D7226322908D22700BF8FF8 /* Debug */ = {
			isa = XCBuildConfiguration;
			buildSettings = {
				ALWAYS_SEARCH_USER_PATHS = NO;
				CLANG_ANALYZER_NONNULL = YES;
				CLANG_ANALYZER_NUMBER_OBJECT_CONVERSION = YES_AGGRESSIVE;
				CLANG_CXX_LANGUAGE_STANDARD = "gnu++20";
				CLANG_ENABLE_MODULES = YES;
				CLANG_ENABLE_OBJC_ARC = YES;
				CLANG_ENABLE_OBJC_WEAK = YES;
				CLANG_WARN_BLOCK_CAPTURE_AUTORELEASING = YES;
				CLANG_WARN_BOOL_CONVERSION = YES;
				CLANG_WARN_COMMA = YES;
				CLANG_WARN_CONSTANT_CONVERSION = YES;
				CLANG_WARN_DEPRECATED_OBJC_IMPLEMENTATIONS = YES;
				CLANG_WARN_DIRECT_OBJC_ISA_USAGE = YES_ERROR;
				CLANG_WARN_DOCUMENTATION_COMMENTS = YES;
				CLANG_WARN_EMPTY_BODY = YES;
				CLANG_WARN_ENUM_CONVERSION = YES;
				CLANG_WARN_INFINITE_RECURSION = YES;
				CLANG_WARN_INT_CONVERSION = YES;
				CLANG_WARN_NON_LITERAL_NULL_CONVERSION = YES;
				CLANG_WARN_OBJC_IMPLICIT_RETAIN_SELF = YES;
				CLANG_WARN_OBJC_LITERAL_CONVERSION = YES;
				CLANG_WARN_OBJC_ROOT_CLASS = YES_ERROR;
				CLANG_WARN_QUOTED_INCLUDE_IN_FRAMEWORK_HEADER = YES;
				CLANG_WARN_RANGE_LOOP_ANALYSIS = YES;
				CLANG_WARN_STRICT_PROTOTYPES = YES;
				CLANG_WARN_SUSPICIOUS_MOVE = YES;
				CLANG_WARN_UNGUARDED_AVAILABILITY = YES_AGGRESSIVE;
				CLANG_WARN_UNREACHABLE_CODE = YES;
				CLANG_WARN__DUPLICATE_METHOD_MATCH = YES;
				COPY_PHASE_STRIP = NO;
				DEBUG_INFORMATION_FORMAT = dwarf;
				ENABLE_STRICT_OBJC_MSGSEND = YES;
				ENABLE_TESTABILITY = YES;
				GCC_C_LANGUAGE_STANDARD = gnu11;
				GCC_DYNAMIC_NO_PIC = NO;
				GCC_NO_COMMON_BLOCKS = YES;
				GCC_OPTIMIZATION_LEVEL = 0;
				GCC_PREPROCESSOR_DEFINITIONS = (
					"DEBUG=1",
					"$(inherited)",
				);
				GCC_WARN_64_TO_32_BIT_CONVERSION = YES;
				GCC_WARN_ABOUT_RETURN_TYPE = YES_ERROR;
				GCC_WARN_UNDECLARED_SELECTOR = YES;
				GCC_WARN_UNINITIALIZED_AUTOS = YES_AGGRESSIVE;
				GCC_WARN_UNUSED_FUNCTION = YES;
				GCC_WARN_UNUSED_VARIABLE = YES;
				IPHONEOS_DEPLOYMENT_TARGET = 16.0;
				MTL_ENABLE_DEBUG_INFO = INCLUDE_SOURCE;
				MTL_FAST_MATH = YES;
				ONLY_ACTIVE_ARCH = YES;
				SDKROOT = iphoneos;
				SWIFT_ACTIVE_COMPILATION_CONDITIONS = DEBUG;
				SWIFT_OPTIMIZATION_LEVEL = "-Onone";
			};
			name = Debug;
		};
		3D7226332908D22700BF8FF8 /* Release */ = {
			isa = XCBuildConfiguration;
			buildSettings = {
				ALWAYS_SEARCH_USER_PATHS = NO;
				CLANG_ANALYZER_NONNULL = YES;
				CLANG_ANALYZER_NUMBER_OBJECT_CONVERSION = YES_AGGRESSIVE;
				CLANG_CXX_LANGUAGE_STANDARD = "gnu++20";
				CLANG_ENABLE_MODULES = YES;
				CLANG_ENABLE_OBJC_ARC = YES;
				CLANG_ENABLE_OBJC_WEAK = YES;
				CLANG_WARN_BLOCK_CAPTURE_AUTORELEASING = YES;
				CLANG_WARN_BOOL_CONVERSION = YES;
				CLANG_WARN_COMMA = YES;
				CLANG_WARN_CONSTANT_CONVERSION = YES;
				CLANG_WARN_DEPRECATED_OBJC_IMPLEMENTATIONS = YES;
				CLANG_WARN_DIRECT_OBJC_ISA_USAGE = YES_ERROR;
				CLANG_WARN_DOCUMENTATION_COMMENTS = YES;
				CLANG_WARN_EMPTY_BODY = YES;
				CLANG_WARN_ENUM_CONVERSION = YES;
				CLANG_WARN_INFINITE_RECURSION = YES;
				CLANG_WARN_INT_CONVERSION = YES;
				CLANG_WARN_NON_LITERAL_NULL_CONVERSION = YES;
				CLANG_WARN_OBJC_IMPLICIT_RETAIN_SELF = YES;
				CLANG_WARN_OBJC_LITERAL_CONVERSION = YES;
				CLANG_WARN_OBJC_ROOT_CLASS = YES_ERROR;
				CLANG_WARN_QUOTED_INCLUDE_IN_FRAMEWORK_HEADER = YES;
				CLANG_WARN_RANGE_LOOP_ANALYSIS = YES;
				CLANG_WARN_STRICT_PROTOTYPES = YES;
				CLANG_WARN_SUSPICIOUS_MOVE = YES;
				CLANG_WARN_UNGUARDED_AVAILABILITY = YES_AGGRESSIVE;
				CLANG_WARN_UNREACHABLE_CODE = YES;
				CLANG_WARN__DUPLICATE_METHOD_MATCH = YES;
				COPY_PHASE_STRIP = NO;
				DEBUG_INFORMATION_FORMAT = "dwarf-with-dsym";
				ENABLE_NS_ASSERTIONS = NO;
				ENABLE_STRICT_OBJC_MSGSEND = YES;
				GCC_C_LANGUAGE_STANDARD = gnu11;
				GCC_NO_COMMON_BLOCKS = YES;
				GCC_WARN_64_TO_32_BIT_CONVERSION = YES;
				GCC_WARN_ABOUT_RETURN_TYPE = YES_ERROR;
				GCC_WARN_UNDECLARED_SELECTOR = YES;
				GCC_WARN_UNINITIALIZED_AUTOS = YES_AGGRESSIVE;
				GCC_WARN_UNUSED_FUNCTION = YES;
				GCC_WARN_UNUSED_VARIABLE = YES;
				IPHONEOS_DEPLOYMENT_TARGET = 16.0;
				MTL_ENABLE_DEBUG_INFO = NO;
				MTL_FAST_MATH = YES;
				SDKROOT = iphoneos;
				SWIFT_COMPILATION_MODE = wholemodule;
				SWIFT_OPTIMIZATION_LEVEL = "-O";
				VALIDATE_PRODUCT = YES;
			};
			name = Release;
		};
		3D7226352908D22700BF8FF8 /* Debug */ = {
			isa = XCBuildConfiguration;
			buildSettings = {
				ASSETCATALOG_COMPILER_APPICON_NAME = AppIcon;
				ASSETCATALOG_COMPILER_GLOBAL_ACCENT_COLOR_NAME = AccentColor;
				CODE_SIGN_STYLE = Automatic;
				CURRENT_PROJECT_VERSION = 1;
				GENERATE_INFOPLIST_FILE = YES;
				INFOPLIST_FILE = "Quizz-APP-Term Project-1/Info.plist";
				INFOPLIST_KEY_UIApplicationSupportsIndirectInputEvents = YES;
				INFOPLIST_KEY_UILaunchStoryboardName = LaunchScreen;
				INFOPLIST_KEY_UIMainStoryboardFile = Main;
				INFOPLIST_KEY_UISupportedInterfaceOrientations_iPad = "UIInterfaceOrientationPortrait UIInterfaceOrientationPortraitUpsideDown UIInterfaceOrientationLandscapeLeft UIInterfaceOrientationLandscapeRight";
				INFOPLIST_KEY_UISupportedInterfaceOrientations_iPhone = "UIInterfaceOrientationPortrait UIInterfaceOrientationLandscapeLeft UIInterfaceOrientationLandscapeRight";
				LD_RUNPATH_SEARCH_PATHS = (
					"$(inherited)",
					"@executable_path/Frameworks",
				);
				MARKETING_VERSION = 1.0;
				PRODUCT_BUNDLE_IDENTIFIER = "com.ioswithswift-practice.Quizz-APP-Term-Project-1";
				PRODUCT_NAME = "$(TARGET_NAME)";
				SWIFT_EMIT_LOC_STRINGS = YES;
				SWIFT_VERSION = 5.0;
				TARGETED_DEVICE_FAMILY = "1,2";
			};
			name = Debug;
		};
		3D7226362908D22700BF8FF8 /* Release */ = {
			isa = XCBuildConfiguration;
			buildSettings = {
				ASSETCATALOG_COMPILER_APPICON_NAME = AppIcon;
				ASSETCATALOG_COMPILER_GLOBAL_ACCENT_COLOR_NAME = AccentColor;
				CODE_SIGN_STYLE = Automatic;
				CURRENT_PROJECT_VERSION = 1;
				GENERATE_INFOPLIST_FILE = YES;
				INFOPLIST_FILE = "Quizz-APP-Term Project-1/Info.plist";
				INFOPLIST_KEY_UIApplicationSupportsIndirectInputEvents = YES;
				INFOPLIST_KEY_UILaunchStoryboardName = LaunchScreen;
				INFOPLIST_KEY_UIMainStoryboardFile = Main;
				INFOPLIST_KEY_UISupportedInterfaceOrientations_iPad = "UIInterfaceOrientationPortrait UIInterfaceOrientationPortraitUpsideDown UIInterfaceOrientationLandscapeLeft UIInterfaceOrientationLandscapeRight";
				INFOPLIST_KEY_UISupportedInterfaceOrientations_iPhone = "UIInterfaceOrientationPortrait UIInterfaceOrientationLandscapeLeft UIInterfaceOrientationLandscapeRight";
				LD_RUNPATH_SEARCH_PATHS = (
					"$(inherited)",
					"@executable_path/Frameworks",
				);
				MARKETING_VERSION = 1.0;
				PRODUCT_BUNDLE_IDENTIFIER = "com.ioswithswift-practice.Quizz-APP-Term-Project-1";
				PRODUCT_NAME = "$(TARGET_NAME)";
				SWIFT_EMIT_LOC_STRINGS = YES;
				SWIFT_VERSION = 5.0;
				TARGETED_DEVICE_FAMILY = "1,2";
			};
			name = Release;
		};
		3D7226382908D22700BF8FF8 /* Debug */ = {
			isa = XCBuildConfiguration;
			buildSettings = {
				ALWAYS_EMBED_SWIFT_STANDARD_LIBRARIES = YES;
				BUNDLE_LOADER = "$(TEST_HOST)";
				CODE_SIGN_STYLE = Automatic;
				CURRENT_PROJECT_VERSION = 1;
				GENERATE_INFOPLIST_FILE = YES;
				IPHONEOS_DEPLOYMENT_TARGET = 16.0;
				MARKETING_VERSION = 1.0;
				PRODUCT_BUNDLE_IDENTIFIER = "com.ioswithswift-practice.Quizz-APP-Term-Project-1Tests";
				PRODUCT_NAME = "$(TARGET_NAME)";
				SWIFT_EMIT_LOC_STRINGS = NO;
				SWIFT_VERSION = 5.0;
				TARGETED_DEVICE_FAMILY = "1,2";
				TEST_HOST = "$(BUILT_PRODUCTS_DIR)/Quizz-APP-Term Project-1.app/$(BUNDLE_EXECUTABLE_FOLDER_PATH)/Quizz-APP-Term Project-1";
			};
			name = Debug;
		};
		3D7226392908D22700BF8FF8 /* Release */ = {
			isa = XCBuildConfiguration;
			buildSettings = {
				ALWAYS_EMBED_SWIFT_STANDARD_LIBRARIES = YES;
				BUNDLE_LOADER = "$(TEST_HOST)";
				CODE_SIGN_STYLE = Automatic;
				CURRENT_PROJECT_VERSION = 1;
				GENERATE_INFOPLIST_FILE = YES;
				IPHONEOS_DEPLOYMENT_TARGET = 16.0;
				MARKETING_VERSION = 1.0;
				PRODUCT_BUNDLE_IDENTIFIER = "com.ioswithswift-practice.Quizz-APP-Term-Project-1Tests";
				PRODUCT_NAME = "$(TARGET_NAME)";
				SWIFT_EMIT_LOC_STRINGS = NO;
				SWIFT_VERSION = 5.0;
				TARGETED_DEVICE_FAMILY = "1,2";
				TEST_HOST = "$(BUILT_PRODUCTS_DIR)/Quizz-APP-Term Project-1.app/$(BUNDLE_EXECUTABLE_FOLDER_PATH)/Quizz-APP-Term Project-1";
			};
			name = Release;
		};
		3D72263B2908D22700BF8FF8 /* Debug */ = {
			isa = XCBuildConfiguration;
			buildSettings = {
				ALWAYS_EMBED_SWIFT_STANDARD_LIBRARIES = YES;
				CODE_SIGN_STYLE = Automatic;
				CURRENT_PROJECT_VERSION = 1;
				GENERATE_INFOPLIST_FILE = YES;
				MARKETING_VERSION = 1.0;
				PRODUCT_BUNDLE_IDENTIFIER = "com.ioswithswift-practice.Quizz-APP-Term-Project-1UITests";
				PRODUCT_NAME = "$(TARGET_NAME)";
				SWIFT_EMIT_LOC_STRINGS = NO;
				SWIFT_VERSION = 5.0;
				TARGETED_DEVICE_FAMILY = "1,2";
				TEST_TARGET_NAME = "Quizz-APP-Term Project-1";
			};
			name = Debug;
		};
		3D72263C2908D22700BF8FF8 /* Release */ = {
			isa = XCBuildConfiguration;
			buildSettings = {
				ALWAYS_EMBED_SWIFT_STANDARD_LIBRARIES = YES;
				CODE_SIGN_STYLE = Automatic;
				CURRENT_PROJECT_VERSION = 1;
				GENERATE_INFOPLIST_FILE = YES;
				MARKETING_VERSION = 1.0;
				PRODUCT_BUNDLE_IDENTIFIER = "com.ioswithswift-practice.Quizz-APP-Term-Project-1UITests";
				PRODUCT_NAME = "$(TARGET_NAME)";
				SWIFT_EMIT_LOC_STRINGS = NO;
				SWIFT_VERSION = 5.0;
				TARGETED_DEVICE_FAMILY = "1,2";
				TEST_TARGET_NAME = "Quizz-APP-Term Project-1";
			};
			name = Release;
		};
/* End XCBuildConfiguration section */

/* Begin XCConfigurationList section */
		3D7226052908D22500BF8FF8 /* Build configuration list for PBXProject "Quizz-APP-Term Project-1" */ = {
			isa = XCConfigurationList;
			buildConfigurations = (
				3D7226322908D22700BF8FF8 /* Debug */,
				3D7226332908D22700BF8FF8 /* Release */,
			);
			defaultConfigurationIsVisible = 0;
			defaultConfigurationName = Release;
		};
		3D7226342908D22700BF8FF8 /* Build configuration list for PBXNativeTarget "Quizz-APP-Term Project-1" */ = {
			isa = XCConfigurationList;
			buildConfigurations = (
				3D7226352908D22700BF8FF8 /* Debug */,
				3D7226362908D22700BF8FF8 /* Release */,
			);
			defaultConfigurationIsVisible = 0;
			defaultConfigurationName = Release;
		};
		3D7226372908D22700BF8FF8 /* Build configuration list for PBXNativeTarget "Quizz-APP-Term Project-1Tests" */ = {
			isa = XCConfigurationList;
			buildConfigurations = (
				3D7226382908D22700BF8FF8 /* Debug */,
				3D7226392908D22700BF8FF8 /* Release */,
			);
			defaultConfigurationIsVisible = 0;
			defaultConfigurationName = Release;
		};
		3D72263A2908D22700BF8FF8 /* Build configuration list for PBXNativeTarget "Quizz-APP-Term Project-1UITests" */ = {
			isa = XCConfigurationList;
			buildConfigurations = (
				3D72263B2908D22700BF8FF8 /* Debug */,
				3D72263C2908D22700BF8FF8 /* Release */,
			);
			defaultConfigurationIsVisible = 0;
			defaultConfigurationName = Release;
		};
/* End XCConfigurationList section */
	};
	rootObject = 3D7226022908D22500BF8FF8 /* Project object */;
}
